{
  "name": "frontend",
  "version": "1.0.0",
  "lockfileVersion": 1,
  "requires": true,
  "dependencies": {
    "@types/html5plus": {
      "version": "1.0.0",
      "resolved": "https://registry.npmjs.org/@types/html5plus/-/html5plus-1.0.0.tgz",
      "integrity": "sha512-kTL4Ik+pTXEAhzDS0jUp0x1kEEY025LQzqEKN1ggnQwWgRHQzAf3tY2ZCYr57jPz9TypN0z1Tf/XY6xQbSPSDw==",
      "dev": true
    },
    "@types/uni-app": {
      "version": "1.4.1",
      "resolved": "https://registry.npmjs.org/@types/uni-app/-/uni-app-1.4.1.tgz",
      "integrity": "sha512-wO0HQ/qrLuSqIdWkqC8hdaZKsVF1NXEf/YmCGhFtXMtNj1fXkcK8kELiPYUlYW10PNl4CZ6qcPxoD3bURxBRdg==",
      "dev": true,
      "requires": {
        "vue": "^2.6.8"
      }
    },
    "decode-uri-component": {
      "version": "0.2.0",
      "resolved": "https://registry.npm.taobao.org/decode-uri-component/download/decode-uri-component-0.2.0.tgz",
      "integrity": "sha1-6zkTMzRYd1y4TNGh+uBiEGu4dUU=",
      "dev": true
    },
    "marked": {
      "version": "1.1.1",
      "resolved": "https://registry.npm.taobao.org/marked/download/marked-1.1.1.tgz?cache=0&sync_timestamp=1594690153421&other_urls=https%3A%2F%2Fregistry.npm.taobao.org%2Fmarked%2Fdownload%2Fmarked-1.1.1.tgz",
      "integrity": "sha1-5dYbaYQiENXfV7BYVuDJFXJwPmo="
    },
    "prettier": {
      "version": "1.12.1",
      "resolved": "http://registry.npm.taobao.org/prettier/download/prettier-1.12.1.tgz",
      "integrity": "sha1-wa0g6APndJ+vkFpAnSNn4Gu+cyU="
    },
    "query-string": {
      "version": "6.11.1",
      "resolved": "https://registry.npm.taobao.org/query-string/download/query-string-6.11.1.tgz",
      "integrity": "sha1-qwIfJ11GPOG2HojwzmmIs+j+fCw=",
      "dev": true,
      "requires": {
        "decode-uri-component": "^0.2.0",
        "split-on-first": "^1.0.0",
        "strict-uri-encode": "^2.0.0"
      }
    },
    "split-on-first": {
      "version": "1.1.0",
      "resolved": "https://registry.npm.taobao.org/split-on-first/download/split-on-first-1.1.0.tgz?cache=0&sync_timestamp=1573659333652&other_urls=https%3A%2F%2Fregistry.npm.taobao.org%2Fsplit-on-first%2Fdownload%2Fsplit-on-first-1.1.0.tgz",
      "integrity": "sha1-9hCv7uOxK84dDDBCXnY5i3gkml8=",
      "dev": true
    },
    "strict-uri-encode": {
      "version": "2.0.0",
      "resolved": "https://registry.npm.taobao.org/strict-uri-encode/download/strict-uri-encode-2.0.0.tgz",
      "integrity": "sha1-ucczDHBChi9rFC3CdLvMWGbONUY=",
      "dev": true
    },
    "validator": {
      "version": "12.0.0",
      "resolved": "https://registry.npmjs.org/validator/-/validator-12.0.0.tgz",
      "integrity": "sha512-r5zA1cQBEOgYlesRmSEwc9LkbfNLTtji+vWyaHzRZUxCTHdsX3bd+sdHfs5tGZ2W6ILGGsxWxCNwT/h3IY/3ng=="
    },
    "verbal-expressions": {
      "version": "1.0.2",
      "resolved": "https://registry.npmjs.org/verbal-expressions/-/verbal-expressions-1.0.2.tgz",
      "integrity": "sha512-LV8eG4ckcg1iIhGjOF+j1jb0b58m1DgGywce+2U8kbRrB5wZnGe4XCyUyOujZR9D/+rJGXTmxnL30o3zAgmC4w=="
    },
    "vue": {
      "version": "2.6.10",
      "resolved": "https://registry.npmjs.org/vue/-/vue-2.6.10.tgz",
      "integrity": "sha512-ImThpeNU9HbdZL3utgMCq0oiMzAkt1mcgy3/E6zWC/G6AaQoeuFdsl9nDhTDU3X1R6FK7nsIUuRACVcjI+A2GQ==",
      "dev": true
    },
    "we-color-picker": {
      "version": "1.1.9",
      "resolved": "https://registry.npmjs.org/we-color-picker/-/we-color-picker-1.1.9.tgz",
      "integrity": "sha512-KAfCwk/ZZJfP+Y1dMGosKTBANmzJ0iVddEf8AGI6+V0+VG37Z5VWUgC7ZvK7hrxDOZ5cOPhnCQBPYHa8WVIG4Q=="
    }
  }
}
